
Microsoft Visual Studio Solution File, Format Version 12.00
# Visual Studio Version 17
VisualStudioVersion = 17.4.33213.308
MinimumVisualStudioVersion = 10.0.40219.1
Project("{FAE04EC0-301F-11D3-BF4B-00C04F79EFBC}") = "ConsoleApp2_01_Linq", "ConsoleApp2_01_Linq\ConsoleApp2_01_Linq.csproj", "{52A06075-B5E5-4C5C-80C5-BAB4015F08D4}"
EndProject
Global
	GlobalSection(SolutionConfigurationPlatforms) = preSolution
		Debug|Any CPU = Debug|Any CPU
		Release|Any CPU = Release|Any CPU
	EndGlobalSection
	GlobalSection(ProjectConfigurationPlatforms) = postSolution
		{52A06075-B5E5-4C5C-80C5-BAB4015F08D4}.Debug|Any CPU.ActiveCfg = Debug|Any CPU
		{52A06075-B5E5-4C5C-80C5-BAB4015F08D4}.Debug|Any CPU.Build.0 = Debug|Any CPU
		{52A06075-B5E5-4C5C-80C5-BAB4015F08D4}.Release|Any CPU.ActiveCfg = Release|Any CPU
		{52A06075-B5E5-4C5C-80C5-BAB4015F08D4}.Release|Any CPU.Build.0 = Release|Any CPU
	EndGlobalSection
	GlobalSection(SolutionProperties) = preSolution
		HideSolutionNode = FALSE
	EndGlobalSection
	GlobalSection(ExtensibilityGlobals) = postSolution
		SolutionGuid = {9A6FC4EB-265F-47E6-91D7-A92084DD6FE2}
	EndGlobalSection
EndGlobal
